// !$*UTF8*$!
{
	archiveVersion = 1;
	classes = {
	};
	objectVersion = 55;
	objects = {

/* Begin PBXBuildFile section */
		5D41BFEF28D754370031442C /* ThirdScreenPresenter.swift in Sources */ = {isa = PBXBuildFile; fileRef = 5D41BFEE28D754370031442C /* ThirdScreenPresenter.swift */; };
		5D41BFF428D8AB0D0031442C /* TimeInterval+Exntension.swift in Sources */ = {isa = PBXBuildFile; fileRef = 5D41BFF328D8AB0D0031442C /* TimeInterval+Exntension.swift */; };
		5D41BFF728D8B0FD0031442C /* ThirdScreenManager+CoreDataClass.swift in Sources */ = {isa = PBXBuildFile; fileRef = 5D41BFF528D8B0FD0031442C /* ThirdScreenManager+CoreDataClass.swift */; };
		5D41BFF828D8B0FD0031442C /* ThirdScreenManager+CoreDataProperties.swift in Sources */ = {isa = PBXBuildFile; fileRef = 5D41BFF628D8B0FD0031442C /* ThirdScreenManager+CoreDataProperties.swift */; };
		5DFA950928D5ED5C00BC59F0 /* AppDelegate.swift in Sources */ = {isa = PBXBuildFile; fileRef = 5DFA950828D5ED5C00BC59F0 /* AppDelegate.swift */; };
		5DFA950B28D5ED5C00BC59F0 /* SceneDelegate.swift in Sources */ = {isa = PBXBuildFile; fileRef = 5DFA950A28D5ED5C00BC59F0 /* SceneDelegate.swift */; };
		5DFA951328D5ED5C00BC59F0 /* OnboardingScreen.xcdatamodeld in Sources */ = {isa = PBXBuildFile; fileRef = 5DFA951128D5ED5C00BC59F0 /* OnboardingScreen.xcdatamodeld */; };
		5DFA951528D5ED5D00BC59F0 /* Assets.xcassets in Resources */ = {isa = PBXBuildFile; fileRef = 5DFA951428D5ED5D00BC59F0 /* Assets.xcassets */; };
		5DFA951828D5ED5D00BC59F0 /* LaunchScreen.storyboard in Resources */ = {isa = PBXBuildFile; fileRef = 5DFA951628D5ED5D00BC59F0 /* LaunchScreen.storyboard */; };
		5DFA952728D60C7B00BC59F0 /* Coordinator.swift in Sources */ = {isa = PBXBuildFile; fileRef = 5DFA952628D60C7B00BC59F0 /* Coordinator.swift */; };
		5DFA952D28D6127000BC59F0 /* FirstScreenVC.swift in Sources */ = {isa = PBXBuildFile; fileRef = 5DFA952B28D6127000BC59F0 /* FirstScreenVC.swift */; };
		5DFA952E28D6127000BC59F0 /* FirstScreenVC.xib in Resources */ = {isa = PBXBuildFile; fileRef = 5DFA952C28D6127000BC59F0 /* FirstScreenVC.xib */; };
		5DFA953928D616B900BC59F0 /* Inter-Light.ttf in Resources */ = {isa = PBXBuildFile; fileRef = 5DFA953028D616B900BC59F0 /* Inter-Light.ttf */; };
		5DFA953A28D616B900BC59F0 /* Inter-Thin.ttf in Resources */ = {isa = PBXBuildFile; fileRef = 5DFA953128D616B900BC59F0 /* Inter-Thin.ttf */; };
		5DFA953B28D616B900BC59F0 /* Inter-Bold.ttf in Resources */ = {isa = PBXBuildFile; fileRef = 5DFA953228D616B900BC59F0 /* Inter-Bold.ttf */; };
		5DFA953C28D616B900BC59F0 /* Inter-Black.ttf in Resources */ = {isa = PBXBuildFile; fileRef = 5DFA953328D616B900BC59F0 /* Inter-Black.ttf */; };
		5DFA953D28D616B900BC59F0 /* Inter-Medium.ttf in Resources */ = {isa = PBXBuildFile; fileRef = 5DFA953428D616B900BC59F0 /* Inter-Medium.ttf */; };
		5DFA953E28D616B900BC59F0 /* Inter-ExtraLight.ttf in Resources */ = {isa = PBXBuildFile; fileRef = 5DFA953528D616B900BC59F0 /* Inter-ExtraLight.ttf */; };
		5DFA953F28D616B900BC59F0 /* Inter-Regular.ttf in Resources */ = {isa = PBXBuildFile; fileRef = 5DFA953628D616B900BC59F0 /* Inter-Regular.ttf */; };
		5DFA954028D616B900BC59F0 /* Inter-SemiBold.ttf in Resources */ = {isa = PBXBuildFile; fileRef = 5DFA953728D616B900BC59F0 /* Inter-SemiBold.ttf */; };
		5DFA954128D616B900BC59F0 /* Inter-ExtraBold.ttf in Resources */ = {isa = PBXBuildFile; fileRef = 5DFA953828D616B900BC59F0 /* Inter-ExtraBold.ttf */; };
		5DFA954528D63F2F00BC59F0 /* SecondScreenVC.swift in Sources */ = {isa = PBXBuildFile; fileRef = 5DFA954328D63F2F00BC59F0 /* SecondScreenVC.swift */; };
		5DFA954628D63F2F00BC59F0 /* SecondScreenVC.xib in Resources */ = {isa = PBXBuildFile; fileRef = 5DFA954428D63F2F00BC59F0 /* SecondScreenVC.xib */; };
		5DFA954828D670D400BC59F0 /* OnboardingFactory.swift in Sources */ = {isa = PBXBuildFile; fileRef = 5DFA954728D670D400BC59F0 /* OnboardingFactory.swift */; };
		5DFA954E28D6792600BC59F0 /* OnboardingCell.swift in Sources */ = {isa = PBXBuildFile; fileRef = 5DFA954C28D6792600BC59F0 /* OnboardingCell.swift */; };
		5DFA954F28D6792600BC59F0 /* OnboardingCell.xib in Resources */ = {isa = PBXBuildFile; fileRef = 5DFA954D28D6792600BC59F0 /* OnboardingCell.xib */; };
		5DFA955128D681E800BC59F0 /* SecondScreenPresenter.swift in Sources */ = {isa = PBXBuildFile; fileRef = 5DFA955028D681E700BC59F0 /* SecondScreenPresenter.swift */; };
		5DFA955528D6836B00BC59F0 /* Collection+Extension.swift in Sources */ = {isa = PBXBuildFile; fileRef = 5DFA955428D6836B00BC59F0 /* Collection+Extension.swift */; };
		5DFA955B28D728B500BC59F0 /* ThirdScreenVC.swift in Sources */ = {isa = PBXBuildFile; fileRef = 5DFA955928D728B500BC59F0 /* ThirdScreenVC.swift */; };
		5DFA955C28D728B500BC59F0 /* ThirdScreenVC.xib in Resources */ = {isa = PBXBuildFile; fileRef = 5DFA955A28D728B500BC59F0 /* ThirdScreenVC.xib */; };
		5DFA956228D73FCE00BC59F0 /* FirstCoordinator.swift in Sources */ = {isa = PBXBuildFile; fileRef = 5DFA956128D73FCE00BC59F0 /* FirstCoordinator.swift */; };
		5DFA956428D742E000BC59F0 /* SecondCoordinator.swift in Sources */ = {isa = PBXBuildFile; fileRef = 5DFA956328D742E000BC59F0 /* SecondCoordinator.swift */; };
/* End PBXBuildFile section */

/* Begin PBXFileReference section */
		5D41BFEE28D754370031442C /* ThirdScreenPresenter.swift */ = {isa = PBXFileReference; lastKnownFileType = sourcecode.swift; path = ThirdScreenPresenter.swift; sourceTree = "<group>"; };
		5D41BFF328D8AB0D0031442C /* TimeInterval+Exntension.swift */ = {isa = PBXFileReference; lastKnownFileType = sourcecode.swift; path = "TimeInterval+Exntension.swift"; sourceTree = "<group>"; };
		5D41BFF528D8B0FD0031442C /* ThirdScreenManager+CoreDataClass.swift */ = {isa = PBXFileReference; lastKnownFileType = sourcecode.swift; path = "ThirdScreenManager+CoreDataClass.swift"; sourceTree = "<group>"; };
		5D41BFF628D8B0FD0031442C /* ThirdScreenManager+CoreDataProperties.swift */ = {isa = PBXFileReference; lastKnownFileType = sourcecode.swift; path = "ThirdScreenManager+CoreDataProperties.swift"; sourceTree = "<group>"; };
		5DFA950528D5ED5C00BC59F0 /* OnboardingScreen.app */ = {isa = PBXFileReference; explicitFileType = wrapper.application; includeInIndex = 0; path = OnboardingScreen.app; sourceTree = BUILT_PRODUCTS_DIR; };
		5DFA950828D5ED5C00BC59F0 /* AppDelegate.swift */ = {isa = PBXFileReference; lastKnownFileType = sourcecode.swift; path = AppDelegate.swift; sourceTree = "<group>"; };
		5DFA950A28D5ED5C00BC59F0 /* SceneDelegate.swift */ = {isa = PBXFileReference; lastKnownFileType = sourcecode.swift; path = SceneDelegate.swift; sourceTree = "<group>"; };
		5DFA951228D5ED5C00BC59F0 /* OnboardingScreen.xcdatamodel */ = {isa = PBXFileReference; lastKnownFileType = wrapper.xcdatamodel; path = OnboardingScreen.xcdatamodel; sourceTree = "<group>"; };
		5DFA951428D5ED5D00BC59F0 /* Assets.xcassets */ = {isa = PBXFileReference; lastKnownFileType = folder.assetcatalog; path = Assets.xcassets; sourceTree = "<group>"; };
		5DFA951728D5ED5D00BC59F0 /* Base */ = {isa = PBXFileReference; lastKnownFileType = file.storyboard; name = Base; path = Base.lproj/LaunchScreen.storyboard; sourceTree = "<group>"; };
		5DFA951928D5ED5D00BC59F0 /* Info.plist */ = {isa = PBXFileReference; lastKnownFileType = text.plist.xml; path = Info.plist; sourceTree = "<group>"; };
		5DFA952628D60C7B00BC59F0 /* Coordinator.swift */ = {isa = PBXFileReference; lastKnownFileType = sourcecode.swift; path = Coordinator.swift; sourceTree = "<group>"; };
		5DFA952B28D6127000BC59F0 /* FirstScreenVC.swift */ = {isa = PBXFileReference; lastKnownFileType = sourcecode.swift; path = FirstScreenVC.swift; sourceTree = "<group>"; };
		5DFA952C28D6127000BC59F0 /* FirstScreenVC.xib */ = {isa = PBXFileReference; lastKnownFileType = file.xib; path = FirstScreenVC.xib; sourceTree = "<group>"; };
		5DFA953028D616B900BC59F0 /* Inter-Light.ttf */ = {isa = PBXFileReference; lastKnownFileType = file; path = "Inter-Light.ttf"; sourceTree = "<group>"; };
		5DFA953128D616B900BC59F0 /* Inter-Thin.ttf */ = {isa = PBXFileReference; lastKnownFileType = file; path = "Inter-Thin.ttf"; sourceTree = "<group>"; };
		5DFA953228D616B900BC59F0 /* Inter-Bold.ttf */ = {isa = PBXFileReference; lastKnownFileType = file; path = "Inter-Bold.ttf"; sourceTree = "<group>"; };
		5DFA953328D616B900BC59F0 /* Inter-Black.ttf */ = {isa = PBXFileReference; lastKnownFileType = file; path = "Inter-Black.ttf"; sourceTree = "<group>"; };
		5DFA953428D616B900BC59F0 /* Inter-Medium.ttf */ = {isa = PBXFileReference; lastKnownFileType = file; path = "Inter-Medium.ttf"; sourceTree = "<group>"; };
		5DFA953528D616B900BC59F0 /* Inter-ExtraLight.ttf */ = {isa = PBXFileReference; lastKnownFileType = file; path = "Inter-ExtraLight.ttf"; sourceTree = "<group>"; };
		5DFA953628D616B900BC59F0 /* Inter-Regular.ttf */ = {isa = PBXFileReference; lastKnownFileType = file; path = "Inter-Regular.ttf"; sourceTree = "<group>"; };
		5DFA953728D616B900BC59F0 /* Inter-SemiBold.ttf */ = {isa = PBXFileReference; lastKnownFileType = file; path = "Inter-SemiBold.ttf"; sourceTree = "<group>"; };
		5DFA953828D616B900BC59F0 /* Inter-ExtraBold.ttf */ = {isa = PBXFileReference; lastKnownFileType = file; path = "Inter-ExtraBold.ttf"; sourceTree = "<group>"; };
		5DFA954328D63F2F00BC59F0 /* SecondScreenVC.swift */ = {isa = PBXFileReference; lastKnownFileType = sourcecode.swift; path = SecondScreenVC.swift; sourceTree = "<group>"; };
		5DFA954428D63F2F00BC59F0 /* SecondScreenVC.xib */ = {isa = PBXFileReference; lastKnownFileType = file.xib; path = SecondScreenVC.xib; sourceTree = "<group>"; };
		5DFA954728D670D400BC59F0 /* OnboardingFactory.swift */ = {isa = PBXFileReference; lastKnownFileType = sourcecode.swift; path = OnboardingFactory.swift; sourceTree = "<group>"; };
		5DFA954C28D6792600BC59F0 /* OnboardingCell.swift */ = {isa = PBXFileReference; lastKnownFileType = sourcecode.swift; path = OnboardingCell.swift; sourceTree = "<group>"; };
		5DFA954D28D6792600BC59F0 /* OnboardingCell.xib */ = {isa = PBXFileReference; lastKnownFileType = file.xib; path = OnboardingCell.xib; sourceTree = "<group>"; };
		5DFA955028D681E700BC59F0 /* SecondScreenPresenter.swift */ = {isa = PBXFileReference; lastKnownFileType = sourcecode.swift; path = SecondScreenPresenter.swift; sourceTree = "<group>"; };
		5DFA955428D6836B00BC59F0 /* Collection+Extension.swift */ = {isa = PBXFileReference; lastKnownFileType = sourcecode.swift; path = "Collection+Extension.swift"; sourceTree = "<group>"; };
		5DFA955928D728B500BC59F0 /* ThirdScreenVC.swift */ = {isa = PBXFileReference; lastKnownFileType = sourcecode.swift; path = ThirdScreenVC.swift; sourceTree = "<group>"; };
		5DFA955A28D728B500BC59F0 /* ThirdScreenVC.xib */ = {isa = PBXFileReference; lastKnownFileType = file.xib; path = ThirdScreenVC.xib; sourceTree = "<group>"; };
		5DFA956128D73FCE00BC59F0 /* FirstCoordinator.swift */ = {isa = PBXFileReference; lastKnownFileType = sourcecode.swift; path = FirstCoordinator.swift; sourceTree = "<group>"; };
		5DFA956328D742E000BC59F0 /* SecondCoordinator.swift */ = {isa = PBXFileReference; lastKnownFileType = sourcecode.swift; path = SecondCoordinator.swift; sourceTree = "<group>"; };
/* End PBXFileReference section */

/* Begin PBXFrameworksBuildPhase section */
		5DFA950228D5ED5C00BC59F0 /* Frameworks */ = {
			isa = PBXFrameworksBuildPhase;
			buildActionMask = 2147483647;
			files = (
			);
			runOnlyForDeploymentPostprocessing = 0;
		};
/* End PBXFrameworksBuildPhase section */

/* Begin PBXGroup section */
		5D41BFF928D8B1330031442C /* ThirdScreenManager */ = {
			isa = PBXGroup;
			children = (
				5D41BFF528D8B0FD0031442C /* ThirdScreenManager+CoreDataClass.swift */,
				5D41BFF628D8B0FD0031442C /* ThirdScreenManager+CoreDataProperties.swift */,
			);
			path = ThirdScreenManager;
			sourceTree = "<group>";
		};
		5DFA94FC28D5ED5C00BC59F0 = {
			isa = PBXGroup;
			children = (
				5DFA950728D5ED5C00BC59F0 /* OnboardingScreen */,
				5DFA950628D5ED5C00BC59F0 /* Products */,
			);
			sourceTree = "<group>";
		};
		5DFA950628D5ED5C00BC59F0 /* Products */ = {
			isa = PBXGroup;
			children = (
				5DFA950528D5ED5C00BC59F0 /* OnboardingScreen.app */,
			);
			name = Products;
			sourceTree = "<group>";
		};
		5DFA950728D5ED5C00BC59F0 /* OnboardingScreen */ = {
			isa = PBXGroup;
			children = (
				5DFA952228D5FAB200BC59F0 /* Application */,
				5D41BFF928D8B1330031442C /* ThirdScreenManager */,
				5DFA951F28D5F89A00BC59F0 /* Coordinator */,
				5DFA952428D5FEFB00BC59F0 /* Code */,
				5DFA955328D6835200BC59F0 /* Extensions */,
				5DFA952528D60B7400BC59F0 /* Resources */,
				5DFA951628D5ED5D00BC59F0 /* LaunchScreen.storyboard */,
				5DFA951128D5ED5C00BC59F0 /* OnboardingScreen.xcdatamodeld */,
			);
			path = OnboardingScreen;
			sourceTree = "<group>";
		};
		5DFA951F28D5F89A00BC59F0 /* Coordinator */ = {
			isa = PBXGroup;
			children = (
				5DFA952628D60C7B00BC59F0 /* Coordinator.swift */,
				5DFA956128D73FCE00BC59F0 /* FirstCoordinator.swift */,
				5DFA956328D742E000BC59F0 /* SecondCoordinator.swift */,
			);
			path = Coordinator;
			sourceTree = "<group>";
		};
		5DFA952228D5FAB200BC59F0 /* Application */ = {
			isa = PBXGroup;
			children = (
				5DFA951928D5ED5D00BC59F0 /* Info.plist */,
				5DFA950828D5ED5C00BC59F0 /* AppDelegate.swift */,
				5DFA950A28D5ED5C00BC59F0 /* SceneDelegate.swift */,
			);
			path = Application;
			sourceTree = "<group>";
		};
		5DFA952428D5FEFB00BC59F0 /* Code */ = {
			isa = PBXGroup;
			children = (
				5DFA955828D7274D00BC59F0 /* ThirdScreen */,
				5DFA954228D63F1800BC59F0 /* SecondScreen */,
				5DFA952A28D6124800BC59F0 /* FirstScreen */,
			);
			path = Code;
			sourceTree = "<group>";
		};
		5DFA952528D60B7400BC59F0 /* Resources */ = {
			isa = PBXGroup;
			children = (
				5DFA952F28D6169100BC59F0 /* Fonts */,
				5DFA951428D5ED5D00BC59F0 /* Assets.xcassets */,
			);
			path = Resources;
			sourceTree = "<group>";
		};
		5DFA952A28D6124800BC59F0 /* FirstScreen */ = {
			isa = PBXGroup;
			children = (
				5DFA952B28D6127000BC59F0 /* FirstScreenVC.swift */,
				5DFA952C28D6127000BC59F0 /* FirstScreenVC.xib */,
			);
			path = FirstScreen;
			sourceTree = "<group>";
		};
		5DFA952F28D6169100BC59F0 /* Fonts */ = {
			isa = PBXGroup;
			children = (
				5DFA953328D616B900BC59F0 /* Inter-Black.ttf */,
				5DFA953228D616B900BC59F0 /* Inter-Bold.ttf */,
				5DFA953828D616B900BC59F0 /* Inter-ExtraBold.ttf */,
				5DFA953528D616B900BC59F0 /* Inter-ExtraLight.ttf */,
				5DFA953028D616B900BC59F0 /* Inter-Light.ttf */,
				5DFA953428D616B900BC59F0 /* Inter-Medium.ttf */,
				5DFA953628D616B900BC59F0 /* Inter-Regular.ttf */,
				5DFA953728D616B900BC59F0 /* Inter-SemiBold.ttf */,
				5DFA953128D616B900BC59F0 /* Inter-Thin.ttf */,
			);
			path = Fonts;
			sourceTree = "<group>";
		};
		5DFA954228D63F1800BC59F0 /* SecondScreen */ = {
			isa = PBXGroup;
			children = (
				5DFA955228D681F800BC59F0 /* OnboardingFactory */,
				5DFA954928D6779500BC59F0 /* Cell */,
				5DFA954328D63F2F00BC59F0 /* SecondScreenVC.swift */,
				5DFA954428D63F2F00BC59F0 /* SecondScreenVC.xib */,
				5DFA955028D681E700BC59F0 /* SecondScreenPresenter.swift */,
			);
			path = SecondScreen;
			sourceTree = "<group>";
		};
		5DFA954928D6779500BC59F0 /* Cell */ = {
			isa = PBXGroup;
			children = (
				5DFA954C28D6792600BC59F0 /* OnboardingCell.swift */,
				5DFA954D28D6792600BC59F0 /* OnboardingCell.xib */,
			);
			path = Cell;
			sourceTree = "<group>";
		};
		5DFA955228D681F800BC59F0 /* OnboardingFactory */ = {
			isa = PBXGroup;
			children = (
				5DFA954728D670D400BC59F0 /* OnboardingFactory.swift */,
			);
			path = OnboardingFactory;
			sourceTree = "<group>";
		};
		5DFA955328D6835200BC59F0 /* Extensions */ = {
			isa = PBXGroup;
			children = (
				5DFA955428D6836B00BC59F0 /* Collection+Extension.swift */,
				5D41BFF328D8AB0D0031442C /* TimeInterval+Exntension.swift */,
			);
			path = Extensions;
			sourceTree = "<group>";
		};
		5DFA955828D7274D00BC59F0 /* ThirdScreen */ = {
			isa = PBXGroup;
			children = (
				5DFA955928D728B500BC59F0 /* ThirdScreenVC.swift */,
				5DFA955A28D728B500BC59F0 /* ThirdScreenVC.xib */,
				5D41BFEE28D754370031442C /* ThirdScreenPresenter.swift */,
			);
			path = ThirdScreen;
			sourceTree = "<group>";
		};
/* End PBXGroup section */

/* Begin PBXNativeTarget section */
		5DFA950428D5ED5C00BC59F0 /* OnboardingScreen */ = {
			isa = PBXNativeTarget;
			buildConfigurationList = 5DFA951C28D5ED5D00BC59F0 /* Build configuration list for PBXNativeTarget "OnboardingScreen" */;
			buildPhases = (
				5DFA950128D5ED5C00BC59F0 /* Sources */,
				5DFA950228D5ED5C00BC59F0 /* Frameworks */,
				5DFA950328D5ED5C00BC59F0 /* Resources */,
			);
			buildRules = (
			);
			dependencies = (
			);
			name = OnboardingScreen;
			productName = OnboardingScreen;
			productReference = 5DFA950528D5ED5C00BC59F0 /* OnboardingScreen.app */;
			productType = "com.apple.product-type.application";
		};
/* End PBXNativeTarget section */

/* Begin PBXProject section */
		5DFA94FD28D5ED5C00BC59F0 /* Project object */ = {
			isa = PBXProject;
			attributes = {
				BuildIndependentTargetsInParallel = 1;
				LastSwiftUpdateCheck = 1340;
				LastUpgradeCheck = 1340;
				TargetAttributes = {
					5DFA950428D5ED5C00BC59F0 = {
						CreatedOnToolsVersion = 13.4.1;
					};
				};
			};
			buildConfigurationList = 5DFA950028D5ED5C00BC59F0 /* Build configuration list for PBXProject "OnboardingScreen" */;
			compatibilityVersion = "Xcode 13.0";
			developmentRegion = en;
			hasScannedForEncodings = 0;
			knownRegions = (
				en,
				Base,
			);
			mainGroup = 5DFA94FC28D5ED5C00BC59F0;
			productRefGroup = 5DFA950628D5ED5C00BC59F0 /* Products */;
			projectDirPath = "";
			projectRoot = "";
			targets = (
				5DFA950428D5ED5C00BC59F0 /* OnboardingScreen */,
			);
		};
/* End PBXProject section */

/* Begin PBXResourcesBuildPhase section */
		5DFA950328D5ED5C00BC59F0 /* Resources */ = {
			isa = PBXResourcesBuildPhase;
			buildActionMask = 2147483647;
			files = (
				5DFA954F28D6792600BC59F0 /* OnboardingCell.xib in Resources */,
				5DFA953B28D616B900BC59F0 /* Inter-Bold.ttf in Resources */,
				5DFA951828D5ED5D00BC59F0 /* LaunchScreen.storyboard in Resources */,
				5DFA951528D5ED5D00BC59F0 /* Assets.xcassets in Resources */,
				5DFA954628D63F2F00BC59F0 /* SecondScreenVC.xib in Resources */,
				5DFA954028D616B900BC59F0 /* Inter-SemiBold.ttf in Resources */,
				5DFA953928D616B900BC59F0 /* Inter-Light.ttf in Resources */,
				5DFA953D28D616B900BC59F0 /* Inter-Medium.ttf in Resources */,
				5DFA953A28D616B900BC59F0 /* Inter-Thin.ttf in Resources */,
				5DFA953F28D616B900BC59F0 /* Inter-Regular.ttf in Resources */,
				5DFA955C28D728B500BC59F0 /* ThirdScreenVC.xib in Resources */,
				5DFA952E28D6127000BC59F0 /* FirstScreenVC.xib in Resources */,
				5DFA953E28D616B900BC59F0 /* Inter-ExtraLight.ttf in Resources */,
				5DFA953C28D616B900BC59F0 /* Inter-Black.ttf in Resources */,
				5DFA954128D616B900BC59F0 /* Inter-ExtraBold.ttf in Resources */,
			);
			runOnlyForDeploymentPostprocessing = 0;
		};
/* End PBXResourcesBuildPhase section */

/* Begin PBXSourcesBuildPhase section */
		5DFA950128D5ED5C00BC59F0 /* Sources */ = {
			isa = PBXSourcesBuildPhase;
			buildActionMask = 2147483647;
			files = (
				5D41BFF828D8B0FD0031442C /* ThirdScreenManager+CoreDataProperties.swift in Sources */,
				5DFA955528D6836B00BC59F0 /* Collection+Extension.swift in Sources */,
				5DFA955128D681E800BC59F0 /* SecondScreenPresenter.swift in Sources */,
				5DFA951328D5ED5C00BC59F0 /* OnboardingScreen.xcdatamodeld in Sources */,
				5DFA956428D742E000BC59F0 /* SecondCoordinator.swift in Sources */,
				5DFA952728D60C7B00BC59F0 /* Coordinator.swift in Sources */,
				5DFA952D28D6127000BC59F0 /* FirstScreenVC.swift in Sources */,
				5DFA955B28D728B500BC59F0 /* ThirdScreenVC.swift in Sources */,
				5DFA950928D5ED5C00BC59F0 /* AppDelegate.swift in Sources */,
				5DFA954E28D6792600BC59F0 /* OnboardingCell.swift in Sources */,
				5DFA954828D670D400BC59F0 /* OnboardingFactory.swift in Sources */,
				5DFA950B28D5ED5C00BC59F0 /* SceneDelegate.swift in Sources */,
				5D41BFF728D8B0FD0031442C /* ThirdScreenManager+CoreDataClass.swift in Sources */,
				5D41BFEF28D754370031442C /* ThirdScreenPresenter.swift in Sources */,
				5DFA956228D73FCE00BC59F0 /* FirstCoordinator.swift in Sources */,
				5DFA954528D63F2F00BC59F0 /* SecondScreenVC.swift in Sources */,
				5D41BFF428D8AB0D0031442C /* TimeInterval+Exntension.swift in Sources */,
			);
			runOnlyForDeploymentPostprocessing = 0;
		};
/* End PBXSourcesBuildPhase section */

/* Begin PBXVariantGroup section */
		5DFA951628D5ED5D00BC59F0 /* LaunchScreen.storyboard */ = {
			isa = PBXVariantGroup;
			children = (
				5DFA951728D5ED5D00BC59F0 /* Base */,
			);
			name = LaunchScreen.storyboard;
			sourceTree = "<group>";
		};
/* End PBXVariantGroup section */

/* Begin XCBuildConfiguration section */
		5DFA951A28D5ED5D00BC59F0 /* Debug */ = {
			isa = XCBuildConfiguration;
			buildSettings = {
				ALWAYS_SEARCH_USER_PATHS = NO;
				CLANG_ANALYZER_NONNULL = YES;
				CLANG_ANALYZER_NUMBER_OBJECT_CONVERSION = YES_AGGRESSIVE;
				CLANG_CXX_LANGUAGE_STANDARD = "gnu++17";
				CLANG_ENABLE_MODULES = YES;
				CLANG_ENABLE_OBJC_ARC = YES;
				CLANG_ENABLE_OBJC_WEAK = YES;
				CLANG_WARN_BLOCK_CAPTURE_AUTORELEASING = YES;
				CLANG_WARN_BOOL_CONVERSION = YES;
				CLANG_WARN_COMMA = YES;
				CLANG_WARN_CONSTANT_CONVERSION = YES;
				CLANG_WARN_DEPRECATED_OBJC_IMPLEMENTATIONS = YES;
				CLANG_WARN_DIRECT_OBJC_ISA_USAGE = YES_ERROR;
				CLANG_WARN_DOCUMENTATION_COMMENTS = YES;
				CLANG_WARN_EMPTY_BODY = YES;
				CLANG_WARN_ENUM_CONVERSION = YES;
				CLANG_WARN_INFINITE_RECURSION = YES;
				CLANG_WARN_INT_CONVERSION = YES;
				CLANG_WARN_NON_LITERAL_NULL_CONVERSION = YES;
				CLANG_WARN_OBJC_IMPLICIT_RETAIN_SELF = YES;
				CLANG_WARN_OBJC_LITERAL_CONVERSION = YES;
				CLANG_WARN_OBJC_ROOT_CLASS = YES_ERROR;
				CLANG_WARN_QUOTED_INCLUDE_IN_FRAMEWORK_HEADER = YES;
				CLANG_WARN_RANGE_LOOP_ANALYSIS = YES;
				CLANG_WARN_STRICT_PROTOTYPES = YES;
				CLANG_WARN_SUSPICIOUS_MOVE = YES;
				CLANG_WARN_UNGUARDED_AVAILABILITY = YES_AGGRESSIVE;
				CLANG_WARN_UNREACHABLE_CODE = YES;
				CLANG_WARN__DUPLICATE_METHOD_MATCH = YES;
				COPY_PHASE_STRIP = NO;
				DEBUG_INFORMATION_FORMAT = dwarf;
				ENABLE_STRICT_OBJC_MSGSEND = YES;
				ENABLE_TESTABILITY = YES;
				GCC_C_LANGUAGE_STANDARD = gnu11;
				GCC_DYNAMIC_NO_PIC = NO;
				GCC_NO_COMMON_BLOCKS = YES;
				GCC_OPTIMIZATION_LEVEL = 0;
				GCC_PREPROCESSOR_DEFINITIONS = (
					"DEBUG=1",
					"$(inherited)",
				);
				GCC_WARN_64_TO_32_BIT_CONVERSION = YES;
				GCC_WARN_ABOUT_RETURN_TYPE = YES_ERROR;
				GCC_WARN_UNDECLARED_SELECTOR = YES;
				GCC_WARN_UNINITIALIZED_AUTOS = YES_AGGRESSIVE;
				GCC_WARN_UNUSED_FUNCTION = YES;
				GCC_WARN_UNUSED_VARIABLE = YES;
				IPHONEOS_DEPLOYMENT_TARGET = 15.5;
				MTL_ENABLE_DEBUG_INFO = INCLUDE_SOURCE;
				MTL_FAST_MATH = YES;
				ONLY_ACTIVE_ARCH = YES;
				SDKROOT = iphoneos;
				SWIFT_ACTIVE_COMPILATION_CONDITIONS = DEBUG;
				SWIFT_OPTIMIZATION_LEVEL = "-Onone";
			};
			name = Debug;
		};
		5DFA951B28D5ED5D00BC59F0 /* Release */ = {
			isa = XCBuildConfiguration;
			buildSettings = {
				ALWAYS_SEARCH_USER_PATHS = NO;
				CLANG_ANALYZER_NONNULL = YES;
				CLANG_ANALYZER_NUMBER_OBJECT_CONVERSION = YES_AGGRESSIVE;
				CLANG_CXX_LANGUAGE_STANDARD = "gnu++17";
				CLANG_ENABLE_MODULES = YES;
				CLANG_ENABLE_OBJC_ARC = YES;
				CLANG_ENABLE_OBJC_WEAK = YES;
				CLANG_WARN_BLOCK_CAPTURE_AUTORELEASING = YES;
				CLANG_WARN_BOOL_CONVERSION = YES;
				CLANG_WARN_COMMA = YES;
				CLANG_WARN_CONSTANT_CONVERSION = YES;
				CLANG_WARN_DEPRECATED_OBJC_IMPLEMENTATIONS = YES;
				CLANG_WARN_DIRECT_OBJC_ISA_USAGE = YES_ERROR;
				CLANG_WARN_DOCUMENTATION_COMMENTS = YES;
				CLANG_WARN_EMPTY_BODY = YES;
				CLANG_WARN_ENUM_CONVERSION = YES;
				CLANG_WARN_INFINITE_RECURSION = YES;
				CLANG_WARN_INT_CONVERSION = YES;
				CLANG_WARN_NON_LITERAL_NULL_CONVERSION = YES;
				CLANG_WARN_OBJC_IMPLICIT_RETAIN_SELF = YES;
				CLANG_WARN_OBJC_LITERAL_CONVERSION = YES;
				CLANG_WARN_OBJC_ROOT_CLASS = YES_ERROR;
				CLANG_WARN_QUOTED_INCLUDE_IN_FRAMEWORK_HEADER = YES;
				CLANG_WARN_RANGE_LOOP_ANALYSIS = YES;
				CLANG_WARN_STRICT_PROTOTYPES = YES;
				CLANG_WARN_SUSPICIOUS_MOVE = YES;
				CLANG_WARN_UNGUARDED_AVAILABILITY = YES_AGGRESSIVE;
				CLANG_WARN_UNREACHABLE_CODE = YES;
				CLANG_WARN__DUPLICATE_METHOD_MATCH = YES;
				COPY_PHASE_STRIP = NO;
				DEBUG_INFORMATION_FORMAT = "dwarf-with-dsym";
				ENABLE_NS_ASSERTIONS = NO;
				ENABLE_STRICT_OBJC_MSGSEND = YES;
				GCC_C_LANGUAGE_STANDARD = gnu11;
				GCC_NO_COMMON_BLOCKS = YES;
				GCC_WARN_64_TO_32_BIT_CONVERSION = YES;
				GCC_WARN_ABOUT_RETURN_TYPE = YES_ERROR;
				GCC_WARN_UNDECLARED_SELECTOR = YES;
				GCC_WARN_UNINITIALIZED_AUTOS = YES_AGGRESSIVE;
				GCC_WARN_UNUSED_FUNCTION = YES;
				GCC_WARN_UNUSED_VARIABLE = YES;
				IPHONEOS_DEPLOYMENT_TARGET = 15.5;
				MTL_ENABLE_DEBUG_INFO = NO;
				MTL_FAST_MATH = YES;
				SDKROOT = iphoneos;
				SWIFT_COMPILATION_MODE = wholemodule;
				SWIFT_OPTIMIZATION_LEVEL = "-O";
				VALIDATE_PRODUCT = YES;
			};
			name = Release;
		};
		5DFA951D28D5ED5D00BC59F0 /* Debug */ = {
			isa = XCBuildConfiguration;
			buildSettings = {
				ASSETCATALOG_COMPILER_APPICON_NAME = AppIcon;
				ASSETCATALOG_COMPILER_GLOBAL_ACCENT_COLOR_NAME = AccentColor;
				CODE_SIGN_STYLE = Automatic;
				CURRENT_PROJECT_VERSION = 1;
				GENERATE_INFOPLIST_FILE = YES;
				INFOPLIST_FILE = OnboardingScreen/Application/Info.plist;
				INFOPLIST_KEY_UIApplicationSupportsIndirectInputEvents = YES;
				INFOPLIST_KEY_UILaunchStoryboardName = LaunchScreen;
				INFOPLIST_KEY_UISupportedInterfaceOrientations_iPad = "UIInterfaceOrientationPortrait UIInterfaceOrientationPortraitUpsideDown UIInterfaceOrientationLandscapeLeft UIInterfaceOrientationLandscapeRight";
				INFOPLIST_KEY_UISupportedInterfaceOrientations_iPhone = "UIInterfaceOrientationPortrait UIInterfaceOrientationLandscapeLeft UIInterfaceOrientationLandscapeRight";
				LD_RUNPATH_SEARCH_PATHS = (
					"$(inherited)",
					"@executable_path/Frameworks",
				);
				MARKETING_VERSION = 1.0;
				PRODUCT_BUNDLE_IDENTIFIER = alina.com.OnboardingScreen;
				PRODUCT_NAME = "$(TARGET_NAME)";
				SWIFT_EMIT_LOC_STRINGS = YES;
				SWIFT_VERSION = 5.0;
				TARGETED_DEVICE_FAMILY = "1,2";
			};
			name = Debug;
		};
		5DFA951E28D5ED5D00BC59F0 /* Release */ = {
			isa = XCBuildConfiguration;
			buildSettings = {
				ASSETCATALOG_COMPILER_APPICON_NAME = AppIcon;
				ASSETCATALOG_COMPILER_GLOBAL_ACCENT_COLOR_NAME = AccentColor;
				CODE_SIGN_STYLE = Automatic;
				CURRENT_PROJECT_VERSION = 1;
				GENERATE_INFOPLIST_FILE = YES;
				INFOPLIST_FILE = OnboardingScreen/Application/Info.plist;
				INFOPLIST_KEY_UIApplicationSupportsIndirectInputEvents = YES;
				INFOPLIST_KEY_UILaunchStoryboardName = LaunchScreen;
				INFOPLIST_KEY_UISupportedInterfaceOrientations_iPad = "UIInterfaceOrientationPortrait UIInterfaceOrientationPortraitUpsideDown UIInterfaceOrientationLandscapeLeft UIInterfaceOrientationLandscapeRight";
				INFOPLIST_KEY_UISupportedInterfaceOrientations_iPhone = "UIInterfaceOrientationPortrait UIInterfaceOrientationLandscapeLeft UIInterfaceOrientationLandscapeRight";
				LD_RUNPATH_SEARCH_PATHS = (
					"$(inherited)",
					"@executable_path/Frameworks",
				);
				MARKETING_VERSION = 1.0;
				PRODUCT_BUNDLE_IDENTIFIER = alina.com.OnboardingScreen;
				PRODUCT_NAME = "$(TARGET_NAME)";
				SWIFT_EMIT_LOC_STRINGS = YES;
				SWIFT_VERSION = 5.0;
				TARGETED_DEVICE_FAMILY = "1,2";
			};
			name = Release;
		};
/* End XCBuildConfiguration section */

/* Begin XCConfigurationList section */
		5DFA950028D5ED5C00BC59F0 /* Build configuration list for PBXProject "OnboardingScreen" */ = {
			isa = XCConfigurationList;
			buildConfigurations = (
				5DFA951A28D5ED5D00BC59F0 /* Debug */,
				5DFA951B28D5ED5D00BC59F0 /* Release */,
			);
			defaultConfigurationIsVisible = 0;
			defaultConfigurationName = Release;
		};
		5DFA951C28D5ED5D00BC59F0 /* Build configuration list for PBXNativeTarget "OnboardingScreen" */ = {
			isa = XCConfigurationList;
			buildConfigurations = (
				5DFA951D28D5ED5D00BC59F0 /* Debug */,
				5DFA951E28D5ED5D00BC59F0 /* Release */,
			);
			defaultConfigurationIsVisible = 0;
			defaultConfigurationName = Release;
		};
/* End XCConfigurationList section */

/* Begin XCVersionGroup section */
		5DFA951128D5ED5C00BC59F0 /* OnboardingScreen.xcdatamodeld */ = {
			isa = XCVersionGroup;
			children = (
				5DFA951228D5ED5C00BC59F0 /* OnboardingScreen.xcdatamodel */,
			);
			currentVersion = 5DFA951228D5ED5C00BC59F0 /* OnboardingScreen.xcdatamodel */;
			path = OnboardingScreen.xcdatamodeld;
			sourceTree = "<group>";
			versionGroupType = wrapper.xcdatamodel;
		};
/* End XCVersionGroup section */
	};
	rootObject = 5DFA94FD28D5ED5C00BC59F0 /* Project object */;
}
